
Microsoft Visual Studio Solution File, Format Version 12.00
# Visual Studio Version 16
VisualStudioVersion = 16.0.29318.209
MinimumVisualStudioVersion = 10.0.40219.1
Project("{FAE04EC0-301F-11D3-BF4B-00C04F79EFBC}") = "Arrays", "Arrays\Arrays.csproj", "{0E6119C4-1EE6-4DD9-A43E-5DB0D0C2BEBC}"
EndProject
Project("{FAE04EC0-301F-11D3-BF4B-00C04F79EFBC}") = "Lists", "Lists\Lists.csproj", "{D18D5FF0-5963-42C5-B5D1-8B2E3D34C9B1}"
EndProject
Project("{FAE04EC0-301F-11D3-BF4B-00C04F79EFBC}") = "Dictionaries", "Dictionaries\Dictionaries.csproj", "{F49092FE-2F28-4783-9643-EFFF64C20028}"
EndProject
Global
	GlobalSection(SolutionConfigurationPlatforms) = preSolution
		Debug|Any CPU = Debug|Any CPU
		Release|Any CPU = Release|Any CPU
	EndGlobalSection
	GlobalSection(ProjectConfigurationPlatforms) = postSolution
		{0E6119C4-1EE6-4DD9-A43E-5DB0D0C2BEBC}.Debug|Any CPU.ActiveCfg = Debug|Any CPU
		{0E6119C4-1EE6-4DD9-A43E-5DB0D0C2BEBC}.Debug|Any CPU.Build.0 = Debug|Any CPU
		{0E6119C4-1EE6-4DD9-A43E-5DB0D0C2BEBC}.Release|Any CPU.ActiveCfg = Release|Any CPU
		{0E6119C4-1EE6-4DD9-A43E-5DB0D0C2BEBC}.Release|Any CPU.Build.0 = Release|Any CPU
		{D18D5FF0-5963-42C5-B5D1-8B2E3D34C9B1}.Debug|Any CPU.ActiveCfg = Debug|Any CPU
		{D18D5FF0-5963-42C5-B5D1-8B2E3D34C9B1}.Debug|Any CPU.Build.0 = Debug|Any CPU
		{D18D5FF0-5963-42C5-B5D1-8B2E3D34C9B1}.Release|Any CPU.ActiveCfg = Release|Any CPU
		{D18D5FF0-5963-42C5-B5D1-8B2E3D34C9B1}.Release|Any CPU.Build.0 = Release|Any CPU
		{F49092FE-2F28-4783-9643-EFFF64C20028}.Debug|Any CPU.ActiveCfg = Debug|Any CPU
		{F49092FE-2F28-4783-9643-EFFF64C20028}.Debug|Any CPU.Build.0 = Debug|Any CPU
		{F49092FE-2F28-4783-9643-EFFF64C20028}.Release|Any CPU.ActiveCfg = Release|Any CPU
		{F49092FE-2F28-4783-9643-EFFF64C20028}.Release|Any CPU.Build.0 = Release|Any CPU
	EndGlobalSection
	GlobalSection(SolutionProperties) = preSolution
		HideSolutionNode = FALSE
	EndGlobalSection
	GlobalSection(ExtensibilityGlobals) = postSolution
		SolutionGuid = {3A588EE6-4C7E-4F54-BB87-33DC54F096DB}
	EndGlobalSection
EndGlobal
